// !$*UTF8*$!
{
	archiveVersion = 1;
	classes = {
	};
	objectVersion = 50;
	objects = {

/* Begin PBXBuildFile section */
		148E3EAE2702F7F1007B7B5E /* AppDelegate.swift in Sources */ = {isa = PBXBuildFile; fileRef = 148E3EAD2702F7F1007B7B5E /* AppDelegate.swift */; };
		148E3EB02702F7F1007B7B5E /* SceneDelegate.swift in Sources */ = {isa = PBXBuildFile; fileRef = 148E3EAF2702F7F1007B7B5E /* SceneDelegate.swift */; };
		148E3EB22702F7F1007B7B5E /* ViewController.swift in Sources */ = {isa = PBXBuildFile; fileRef = 148E3EB12702F7F1007B7B5E /* ViewController.swift */; };
		148E3EB52702F7F1007B7B5E /* Main.storyboard in Resources */ = {isa = PBXBuildFile; fileRef = 148E3EB32702F7F1007B7B5E /* Main.storyboard */; };
		148E3EB72702F7F1007B7B5E /* Assets.xcassets in Resources */ = {isa = PBXBuildFile; fileRef = 148E3EB62702F7F1007B7B5E /* Assets.xcassets */; };
		148E3EBA2702F7F1007B7B5E /* LaunchScreen.storyboard in Resources */ = {isa = PBXBuildFile; fileRef = 148E3EB82702F7F1007B7B5E /* LaunchScreen.storyboard */; };
		148E3EC22702F7F1007B7B5E /* DestViewController.swift in Sources */ = {isa = PBXBuildFile; fileRef = 148E3EC12702F7F1007B7B5E /* DestViewController.swift */; };
		148E3EC42702F7F1007B7B5E /* XYNavigationController.swift in Sources */ = {isa = PBXBuildFile; fileRef = 148E3EC32702F7F1007B7B5E /* XYNavigationController.swift */; };
		148E3EC62702F7F1007B7B5E /* XYContentNavController.swift in Sources */ = {isa = PBXBuildFile; fileRef = 148E3EC52702F7F1007B7B5E /* XYContentNavController.swift */; };
/* End PBXBuildFile section */

/* Begin PBXFileReference section */
		148E3EAA2702F7F1007B7B5E /* XYNav.app */ = {isa = PBXFileReference; explicitFileType = wrapper.application; includeInIndex = 0; path = XYNav.app; sourceTree = BUILT_PRODUCTS_DIR; };
		148E3EAD2702F7F1007B7B5E /* AppDelegate.swift */ = {isa = PBXFileReference; lastKnownFileType = sourcecode.swift; path = AppDelegate.swift; sourceTree = "<group>"; };
		148E3EAF2702F7F1007B7B5E /* SceneDelegate.swift */ = {isa = PBXFileReference; lastKnownFileType = sourcecode.swift; path = SceneDelegate.swift; sourceTree = "<group>"; };
		148E3EB12702F7F1007B7B5E /* ViewController.swift */ = {isa = PBXFileReference; lastKnownFileType = sourcecode.swift; path = ViewController.swift; sourceTree = "<group>"; };
		148E3EB42702F7F1007B7B5E /* Base */ = {isa = PBXFileReference; lastKnownFileType = file.storyboard; name = Base; path = Base.lproj/Main.storyboard; sourceTree = "<group>"; };
		148E3EB62702F7F1007B7B5E /* Assets.xcassets */ = {isa = PBXFileReference; lastKnownFileType = folder.assetcatalog; path = Assets.xcassets; sourceTree = "<group>"; };
		148E3EB92702F7F1007B7B5E /* Base */ = {isa = PBXFileReference; lastKnownFileType = file.storyboard; name = Base; path = Base.lproj/LaunchScreen.storyboard; sourceTree = "<group>"; };
		148E3EBB2702F7F1007B7B5E /* Info.plist */ = {isa = PBXFileReference; lastKnownFileType = text.plist.xml; path = Info.plist; sourceTree = "<group>"; };
		148E3EC12702F7F1007B7B5E /* DestViewController.swift */ = {isa = PBXFileReference; lastKnownFileType = sourcecode.swift; path = DestViewController.swift; sourceTree = "<group>"; };
		148E3EC32702F7F1007B7B5E /* XYNavigationController.swift */ = {isa = PBXFileReference; lastKnownFileType = sourcecode.swift; path = XYNavigationController.swift; sourceTree = "<group>"; };
		148E3EC52702F7F1007B7B5E /* XYContentNavController.swift */ = {isa = PBXFileReference; lastKnownFileType = sourcecode.swift; path = XYContentNavController.swift; sourceTree = "<group>"; };
/* End PBXFileReference section */

/* Begin PBXFrameworksBuildPhase section */
		148E3EA72702F7F1007B7B5E /* Frameworks */ = {
			isa = PBXFrameworksBuildPhase;
			buildActionMask = 2147483647;
			files = (
			);
			runOnlyForDeploymentPostprocessing = 0;
		};
/* End PBXFrameworksBuildPhase section */

/* Begin PBXGroup section */
		148E3EA12702F7F1007B7B5E = {
			isa = PBXGroup;
			children = (
				148E3EAC2702F7F1007B7B5E /* XYNav */,
				148E3EAB2702F7F1007B7B5E /* Products */,
			);
			sourceTree = "<group>";
		};
		148E3EAB2702F7F1007B7B5E /* Products */ = {
			isa = PBXGroup;
			children = (
				148E3EAA2702F7F1007B7B5E /* XYNav.app */,
			);
			name = Products;
			sourceTree = "<group>";
		};
		148E3EAC2702F7F1007B7B5E /* XYNav */ = {
			isa = PBXGroup;
			children = (
				148E3EAD2702F7F1007B7B5E /* AppDelegate.swift */,
				148E3EAF2702F7F1007B7B5E /* SceneDelegate.swift */,
				148E3EB12702F7F1007B7B5E /* ViewController.swift */,
				148E3EC32702F7F1007B7B5E /* XYNavigationController.swift */,
				148E3EC52702F7F1007B7B5E /* XYContentNavController.swift */,
				148E3EC12702F7F1007B7B5E /* DestViewController.swift */,
				148E3EB32702F7F1007B7B5E /* Main.storyboard */,
				148E3EB62702F7F1007B7B5E /* Assets.xcassets */,
				148E3EB82702F7F1007B7B5E /* LaunchScreen.storyboard */,
				148E3EBB2702F7F1007B7B5E /* Info.plist */,
			);
			path = XYNav;
			sourceTree = "<group>";
		};
/* End PBXGroup section */

/* Begin PBXNativeTarget section */
		148E3EA92702F7F1007B7B5E /* XYNav */ = {
			isa = PBXNativeTarget;
			buildConfigurationList = 148E3EBE2702F7F1007B7B5E /* Build configuration list for PBXNativeTarget "XYNav" */;
			buildPhases = (
				148E3EA62702F7F1007B7B5E /* Sources */,
				148E3EA72702F7F1007B7B5E /* Frameworks */,
				148E3EA82702F7F1007B7B5E /* Resources */,
			);
			buildRules = (
			);
			dependencies = (
			);
			name = XYNav;
			productName = XYNav;
			productReference = 148E3EAA2702F7F1007B7B5E /* XYNav.app */;
			productType = "com.apple.product-type.application";
		};
/* End PBXNativeTarget section */

/* Begin PBXProject section */
		148E3EA22702F7F1007B7B5E /* Project object */ = {
			isa = PBXProject;
			attributes = {
				LastSwiftUpdateCheck = 1250;
				LastUpgradeCheck = 1250;
				TargetAttributes = {
					148E3EA92702F7F1007B7B5E = {
						CreatedOnToolsVersion = 12.5.1;
					};
				};
			};
			buildConfigurationList = 148E3EA52702F7F1007B7B5E /* Build configuration list for PBXProject "XYNav" */;
			compatibilityVersion = "Xcode 9.3";
			developmentRegion = en;
			hasScannedForEncodings = 0;
			knownRegions = (
				en,
				Base,
			);
			mainGroup = 148E3EA12702F7F1007B7B5E;
			productRefGroup = 148E3EAB2702F7F1007B7B5E /* Products */;
			projectDirPath = "";
			projectRoot = "";
			targets = (
				148E3EA92702F7F1007B7B5E /* XYNav */,
			);
		};
/* End PBXProject section */

/* Begin PBXResourcesBuildPhase section */
		148E3EA82702F7F1007B7B5E /* Resources */ = {
			isa = PBXResourcesBuildPhase;
			buildActionMask = 2147483647;
			files = (
				148E3EBA2702F7F1007B7B5E /* LaunchScreen.storyboard in Resources */,
				148E3EB72702F7F1007B7B5E /* Assets.xcassets in Resources */,
				148E3EB52702F7F1007B7B5E /* Main.storyboard in Resources */,
			);
			runOnlyForDeploymentPostprocessing = 0;
		};
/* End PBXResourcesBuildPhase section */

/* Begin PBXSourcesBuildPhase section */
		148E3EA62702F7F1007B7B5E /* Sources */ = {
			isa = PBXSourcesBuildPhase;
			buildActionMask = 2147483647;
			files = (
				148E3EB22702F7F1007B7B5E /* ViewController.swift in Sources */,
				148E3EAE2702F7F1007B7B5E /* AppDelegate.swift in Sources */,
				148E3EC62702F7F1007B7B5E /* XYContentNavController.swift in Sources */,
				148E3EC22702F7F1007B7B5E /* DestViewController.swift in Sources */,
				148E3EB02702F7F1007B7B5E /* SceneDelegate.swift in Sources */,
				148E3EC42702F7F1007B7B5E /* XYNavigationController.swift in Sources */,
			);
			runOnlyForDeploymentPostprocessing = 0;
		};
/* End PBXSourcesBuildPhase section */

/* Begin PBXVariantGroup section */
		148E3EB32702F7F1007B7B5E /* Main.storyboard */ = {
			isa = PBXVariantGroup;
			children = (
				148E3EB42702F7F1007B7B5E /* Base */,
			);
			name = Main.storyboard;
			sourceTree = "<group>";
		};
		148E3EB82702F7F1007B7B5E /* LaunchScreen.storyboard */ = {
			isa = PBXVariantGroup;
			children = (
				148E3EB92702F7F1007B7B5E /* Base */,
			);
			name = LaunchScreen.storyboard;
			sourceTree = "<group>";
		};
/* End PBXVariantGroup section */

/* Begin XCBuildConfiguration section */
		148E3EBC2702F7F1007B7B5E /* Debug */ = {
			isa = XCBuildConfiguration;
			buildSettings = {
				ALWAYS_SEARCH_USER_PATHS = NO;
				CLANG_ANALYZER_NONNULL = YES;
				CLANG_ANALYZER_NUMBER_OBJECT_CONVERSION = YES_AGGRESSIVE;
				CLANG_CXX_LANGUAGE_STANDARD = "gnu++14";
				CLANG_CXX_LIBRARY = "libc++";
				CLANG_ENABLE_MODULES = YES;
				CLANG_ENABLE_OBJC_ARC = YES;
				CLANG_ENABLE_OBJC_WEAK = YES;
				CLANG_WARN_BLOCK_CAPTURE_AUTORELEASING = YES;
				CLANG_WARN_BOOL_CONVERSION = YES;
				CLANG_WARN_COMMA = YES;
				CLANG_WARN_CONSTANT_CONVERSION = YES;
				CLANG_WARN_DEPRECATED_OBJC_IMPLEMENTATIONS = YES;
				CLANG_WARN_DIRECT_OBJC_ISA_USAGE = YES_ERROR;
				CLANG_WARN_DOCUMENTATION_COMMENTS = YES;
				CLANG_WARN_EMPTY_BODY = YES;
				CLANG_WARN_ENUM_CONVERSION = YES;
				CLANG_WARN_INFINITE_RECURSION = YES;
				CLANG_WARN_INT_CONVERSION = YES;
				CLANG_WARN_NON_LITERAL_NULL_CONVERSION = YES;
				CLANG_WARN_OBJC_IMPLICIT_RETAIN_SELF = YES;
				CLANG_WARN_OBJC_LITERAL_CONVERSION = YES;
				CLANG_WARN_OBJC_ROOT_CLASS = YES_ERROR;
				CLANG_WARN_QUOTED_INCLUDE_IN_FRAMEWORK_HEADER = YES;
				CLANG_WARN_RANGE_LOOP_ANALYSIS = YES;
				CLANG_WARN_STRICT_PROTOTYPES = YES;
				CLANG_WARN_SUSPICIOUS_MOVE = YES;
				CLANG_WARN_UNGUARDED_AVAILABILITY = YES_AGGRESSIVE;
				CLANG_WARN_UNREACHABLE_CODE = YES;
				CLANG_WARN__DUPLICATE_METHOD_MATCH = YES;
				COPY_PHASE_STRIP = NO;
				DEBUG_INFORMATION_FORMAT = dwarf;
				ENABLE_STRICT_OBJC_MSGSEND = YES;
				ENABLE_TESTABILITY = YES;
				GCC_C_LANGUAGE_STANDARD = gnu11;
				GCC_DYNAMIC_NO_PIC = NO;
				GCC_NO_COMMON_BLOCKS = YES;
				GCC_OPTIMIZATION_LEVEL = 0;
				GCC_PREPROCESSOR_DEFINITIONS = (
					"DEBUG=1",
					"$(inherited)",
				);
				GCC_WARN_64_TO_32_BIT_CONVERSION = YES;
				GCC_WARN_ABOUT_RETURN_TYPE = YES_ERROR;
				GCC_WARN_UNDECLARED_SELECTOR = YES;
				GCC_WARN_UNINITIALIZED_AUTOS = YES_AGGRESSIVE;
				GCC_WARN_UNUSED_FUNCTION = YES;
				GCC_WARN_UNUSED_VARIABLE = YES;
				IPHONEOS_DEPLOYMENT_TARGET = 14.5;
				MTL_ENABLE_DEBUG_INFO = INCLUDE_SOURCE;
				MTL_FAST_MATH = YES;
				ONLY_ACTIVE_ARCH = YES;
				SDKROOT = iphoneos;
				SWIFT_ACTIVE_COMPILATION_CONDITIONS = DEBUG;
				SWIFT_OPTIMIZATION_LEVEL = "-Onone";
			};
			name = Debug;
		};
		148E3EBD2702F7F1007B7B5E /* Release */ = {
			isa = XCBuildConfiguration;
			buildSettings = {
				ALWAYS_SEARCH_USER_PATHS = NO;
				CLANG_ANALYZER_NONNULL = YES;
				CLANG_ANALYZER_NUMBER_OBJECT_CONVERSION = YES_AGGRESSIVE;
				CLANG_CXX_LANGUAGE_STANDARD = "gnu++14";
				CLANG_CXX_LIBRARY = "libc++";
				CLANG_ENABLE_MODULES = YES;
				CLANG_ENABLE_OBJC_ARC = YES;
				CLANG_ENABLE_OBJC_WEAK = YES;
				CLANG_WARN_BLOCK_CAPTURE_AUTORELEASING = YES;
				CLANG_WARN_BOOL_CONVERSION = YES;
				CLANG_WARN_COMMA = YES;
				CLANG_WARN_CONSTANT_CONVERSION = YES;
				CLANG_WARN_DEPRECATED_OBJC_IMPLEMENTATIONS = YES;
				CLANG_WARN_DIRECT_OBJC_ISA_USAGE = YES_ERROR;
				CLANG_WARN_DOCUMENTATION_COMMENTS = YES;
				CLANG_WARN_EMPTY_BODY = YES;
				CLANG_WARN_ENUM_CONVERSION = YES;
				CLANG_WARN_INFINITE_RECURSION = YES;
				CLANG_WARN_INT_CONVERSION = YES;
				CLANG_WARN_NON_LITERAL_NULL_CONVERSION = YES;
				CLANG_WARN_OBJC_IMPLICIT_RETAIN_SELF = YES;
				CLANG_WARN_OBJC_LITERAL_CONVERSION = YES;
				CLANG_WARN_OBJC_ROOT_CLASS = YES_ERROR;
				CLANG_WARN_QUOTED_INCLUDE_IN_FRAMEWORK_HEADER = YES;
				CLANG_WARN_RANGE_LOOP_ANALYSIS = YES;
				CLANG_WARN_STRICT_PROTOTYPES = YES;
				CLANG_WARN_SUSPICIOUS_MOVE = YES;
				CLANG_WARN_UNGUARDED_AVAILABILITY = YES_AGGRESSIVE;
				CLANG_WARN_UNREACHABLE_CODE = YES;
				CLANG_WARN__DUPLICATE_METHOD_MATCH = YES;
				COPY_PHASE_STRIP = NO;
				DEBUG_INFORMATION_FORMAT = "dwarf-with-dsym";
				ENABLE_NS_ASSERTIONS = NO;
				ENABLE_STRICT_OBJC_MSGSEND = YES;
				GCC_C_LANGUAGE_STANDARD = gnu11;
				GCC_NO_COMMON_BLOCKS = YES;
				GCC_WARN_64_TO_32_BIT_CONVERSION = YES;
				GCC_WARN_ABOUT_RETURN_TYPE = YES_ERROR;
				GCC_WARN_UNDECLARED_SELECTOR = YES;
				GCC_WARN_UNINITIALIZED_AUTOS = YES_AGGRESSIVE;
				GCC_WARN_UNUSED_FUNCTION = YES;
				GCC_WARN_UNUSED_VARIABLE = YES;
				IPHONEOS_DEPLOYMENT_TARGET = 14.5;
				MTL_ENABLE_DEBUG_INFO = NO;
				MTL_FAST_MATH = YES;
				SDKROOT = iphoneos;
				SWIFT_COMPILATION_MODE = wholemodule;
				SWIFT_OPTIMIZATION_LEVEL = "-O";
				VALIDATE_PRODUCT = YES;
			};
			name = Release;
		};
		148E3EBF2702F7F1007B7B5E /* Debug */ = {
			isa = XCBuildConfiguration;
			buildSettings = {
				ASSETCATALOG_COMPILER_APPICON_NAME = AppIcon;
				ASSETCATALOG_COMPILER_GLOBAL_ACCENT_COLOR_NAME = AccentColor;
				CODE_SIGN_STYLE = Automatic;
				INFOPLIST_FILE = XYNav/Info.plist;
				IPHONEOS_DEPLOYMENT_TARGET = 12.1;
				LD_RUNPATH_SEARCH_PATHS = (
					"$(inherited)",
					"@executable_path/Frameworks",
				);
				PRODUCT_BUNDLE_IDENTIFIER = xiaoyou.XYNav;
				PRODUCT_NAME = "$(TARGET_NAME)";
				SWIFT_VERSION = 5.0;
				TARGETED_DEVICE_FAMILY = "1,2";
			};
			name = Debug;
		};
		148E3EC02702F7F1007B7B5E /* Release */ = {
			isa = XCBuildConfiguration;
			buildSettings = {
				ASSETCATALOG_COMPILER_APPICON_NAME = AppIcon;
				ASSETCATALOG_COMPILER_GLOBAL_ACCENT_COLOR_NAME = AccentColor;
				CODE_SIGN_STYLE = Automatic;
				INFOPLIST_FILE = XYNav/Info.plist;
				IPHONEOS_DEPLOYMENT_TARGET = 12.1;
				LD_RUNPATH_SEARCH_PATHS = (
					"$(inherited)",
					"@executable_path/Frameworks",
				);
				PRODUCT_BUNDLE_IDENTIFIER = xiaoyou.XYNav;
				PRODUCT_NAME = "$(TARGET_NAME)";
				SWIFT_VERSION = 5.0;
				TARGETED_DEVICE_FAMILY = "1,2";
			};
			name = Release;
		};
/* End XCBuildConfiguration section */

/* Begin XCConfigurationList section */
		148E3EA52702F7F1007B7B5E /* Build configuration list for PBXProject "XYNav" */ = {
			isa = XCConfigurationList;
			buildConfigurations = (
				148E3EBC2702F7F1007B7B5E /* Debug */,
				148E3EBD2702F7F1007B7B5E /* Release */,
			);
			defaultConfigurationIsVisible = 0;
			defaultConfigurationName = Release;
		};
		148E3EBE2702F7F1007B7B5E /* Build configuration list for PBXNativeTarget "XYNav" */ = {
			isa = XCConfigurationList;
			buildConfigurations = (
				148E3EBF2702F7F1007B7B5E /* Debug */,
				148E3EC02702F7F1007B7B5E /* Release */,
			);
			defaultConfigurationIsVisible = 0;
			defaultConfigurationName = Release;
		};
/* End XCConfigurationList section */
	};
	rootObject = 148E3EA22702F7F1007B7B5E /* Project object */;
}
