PODS:
  - Masonry (1.1.0)
  - XYInfomationSection (1.3.0):
    - Masonry
  - XYNav (1.0)

DEPENDENCIES:
  - XYInfomationSection
  - XYNav (from `../`)

SPEC REPOS:
  trunk:
    - Masonry
    - XYInfomationSection

EXTERNAL SOURCES:
  XYNav:
    :path: "../"

SPEC CHECKSUMS:
  Masonry: 678fab65091a9290e40e2832a55e7ab731aad201
  XYInfomationSection: ef71a8bf917348c49f83f9b3fc891c79bf2882a0
  XYNav: f4a731c1e3e275de70ff260930e0530988659a72

PODFILE CHECKSUM: ac4687da72afde0b0f6d8736ee27422f893b9184

COCOAPODS: 1.10.1
